{
  "name": "eth_kurtosis",
  "version": "1.0.0",
  "lockfileVersion": 3,
  "requires": true,
  "packages": {
    "": {
      "name": "eth_kurtosis",
      "version": "1.0.0",
      "license": "ISC",
      "dependencies": {
        "@ethereumjs/common": "^10.0.0",
        "@ethereumjs/tx": "^10.0.0",
        "@ethereumjs/util": "^10.0.0",
        "web3-eth-contract": "^4.7.2"
      }
    },
    "node_modules/@ethereumjs/common": {
      "version": "10.0.0",
      "resolved": "https://registry.npmjs.org/@ethereumjs/common/-/common-10.0.0.tgz",
      "integrity": "sha512-qb0M1DGdXzMAf3O6Zg5Wr5UDjoxBmplLPbQyC6DQ0LfgVDBRdqn0Pk+/hHm4q0McE22Of0MxbV4hhiDTkSgKag==",
      "license": "MIT",
      "dependencies": {
        "@ethereumjs/util": "^10.0.0",
        "eventemitter3": "^5.0.1"
      }
    },
    "node_modules/@ethereumjs/rlp": {
      "version": "10.0.0",
      "resolved": "https://registry.npmjs.org/@ethereumjs/rlp/-/rlp-10.0.0.tgz",
      "integrity": "sha512-h2SK6RxFBfN5ZGykbw8LTNNLckSXZeuUZ6xqnmtF22CzZbHflFMcIOyfVGdvyCVQqIoSbGMHtvyxMCWnOyB9RA==",
      "license": "MPL-2.0",
      "bin": {
        "rlp": "bin/rlp.cjs"
      },
      "engines": {
        "node": ">=18"
      }
    },
    "node_modules/@ethereumjs/tx": {
      "version": "10.0.0",
      "resolved": "https://registry.npmjs.org/@ethereumjs/tx/-/tx-10.0.0.tgz",
      "integrity": "sha512-DApm04kp2nbvaOuHy2Rkcz1ZeJkTVgW6oCuNnQf9bRtGc+LsvLrdULE3LoGtBItEoNEcgXLJqrV0foooWFX6jw==",
      "license": "MPL-2.0",
      "dependencies": {
        "@ethereumjs/common": "^10.0.0",
        "@ethereumjs/rlp": "^10.0.0",
        "@ethereumjs/util": "^10.0.0",
        "ethereum-cryptography": "^3.2.0"
      },
      "engines": {
        "node": ">=18"
      }
    },
    "node_modules/@ethereumjs/util": {
      "version": "10.0.0",
      "resolved": "https://registry.npmjs.org/@ethereumjs/util/-/util-10.0.0.tgz",
      "integrity": "sha512-lO23alM4uQsv8dp6/yEm4Xw4328+wIRjSeuBO1mRTToUWRcByEMTk87yzBpXgpixpgHrl+9LTn9KB2vvKKtOQQ==",
      "license": "MPL-2.0",
      "dependencies": {
        "@ethereumjs/rlp": "^10.0.0",
        "ethereum-cryptography": "^3.2.0"
      },
      "engines": {
        "node": ">=18"
      }
    },
    "node_modules/@noble/ciphers": {
      "version": "1.3.0",
      "resolved": "https://registry.npmjs.org/@noble/ciphers/-/ciphers-1.3.0.tgz",
      "integrity": "sha512-2I0gnIVPtfnMw9ee9h1dJG7tp81+8Ob3OJb3Mv37rx5L40/b0i7djjCVvGOVqc9AEIQyvyu1i6ypKdFw8R8gQw==",
      "license": "MIT",
      "engines": {
        "node": "^14.21.3 || >=16"
      },
      "funding": {
        "url": "https://paulmillr.com/funding/"
      }
    },
    "node_modules/@noble/curves": {
      "version": "1.9.0",
      "resolved": "https://registry.npmjs.org/@noble/curves/-/curves-1.9.0.tgz",
      "integrity": "sha512-7YDlXiNMdO1YZeH6t/kvopHHbIZzlxrCV9WLqCY6QhcXOoXiNCMDqJIglZ9Yjx5+w7Dz30TITFrlTjnRg7sKEg==",
      "license": "MIT",
      "dependencies": {
        "@noble/hashes": "1.8.0"
      },
      "engines": {
        "node": "^14.21.3 || >=16"
      },
      "funding": {
        "url": "https://paulmillr.com/funding/"
      }
    },
    "node_modules/@noble/hashes": {
      "version": "1.8.0",
      "resolved": "https://registry.npmjs.org/@noble/hashes/-/hashes-1.8.0.tgz",
      "integrity": "sha512-jCs9ldd7NwzpgXDIf6P3+NrHh9/sD6CQdxHyjQI+h/6rDNo88ypBxxz45UDuZHz9r3tNz7N/VInSVoVdtXEI4A==",
      "license": "MIT",
      "engines": {
        "node": "^14.21.3 || >=16"
      },
      "funding": {
        "url": "https://paulmillr.com/funding/"
      }
    },
    "node_modules/@scure/base": {
      "version": "1.2.6",
      "resolved": "https://registry.npmjs.org/@scure/base/-/base-1.2.6.tgz",
      "integrity": "sha512-g/nm5FgUa//MCj1gV09zTJTaM6KBAHqLN907YVQqf7zC49+DcO4B1so4ZX07Ef10Twr6nuqYEH9GEggFXA4Fmg==",
      "license": "MIT",
      "funding": {
        "url": "https://paulmillr.com/funding/"
      }
    },
    "node_modules/@scure/bip32": {
      "version": "1.7.0",
      "resolved": "https://registry.npmjs.org/@scure/bip32/-/bip32-1.7.0.tgz",
      "integrity": "sha512-E4FFX/N3f4B80AKWp5dP6ow+flD1LQZo/w8UnLGYZO674jS6YnYeepycOOksv+vLPSpgN35wgKgy+ybfTb2SMw==",
      "license": "MIT",
      "dependencies": {
        "@noble/curves": "~1.9.0",
        "@noble/hashes": "~1.8.0",
        "@scure/base": "~1.2.5"
      },
      "funding": {
        "url": "https://paulmillr.com/funding/"
      }
    },
    "node_modules/@scure/bip39": {
      "version": "1.6.0",
      "resolved": "https://registry.npmjs.org/@scure/bip39/-/bip39-1.6.0.tgz",
      "integrity": "sha512-+lF0BbLiJNwVlev4eKelw1WWLaiKXw7sSl8T6FvBlWkdX+94aGJ4o8XjUdlyhTCjd8c+B3KT3JfS8P0bLRNU6A==",
      "license": "MIT",
      "dependencies": {
        "@noble/hashes": "~1.8.0",
        "@scure/base": "~1.2.5"
      },
      "funding": {
        "url": "https://paulmillr.com/funding/"
      }
    },
    "node_modules/@types/node": {
      "version": "24.0.12",
      "resolved": "https://registry.npmjs.org/@types/node/-/node-24.0.12.tgz",
      "integrity": "sha512-LtOrbvDf5ndC9Xi+4QZjVL0woFymF/xSTKZKPgrrl7H7XoeDvnD+E2IclKVDyaK9UM756W/3BXqSU+JEHopA9g==",
      "license": "MIT",
      "dependencies": {
        "undici-types": "~7.8.0"
      }
    },
    "node_modules/@types/ws": {
      "version": "8.5.3",
      "resolved": "https://registry.npmjs.org/@types/ws/-/ws-8.5.3.tgz",
      "integrity": "sha512-6YOoWjruKj1uLf3INHH7D3qTXwFfEsg1kf3c0uDdSBJwfa/llkwIjrAGV7j7mVgGNbzTQ3HiHKKDXl6bJPD97w==",
      "license": "MIT",
      "dependencies": {
        "@types/node": "*"
      }
    },
    "node_modules/abitype": {
      "version": "0.7.1",
      "resolved": "https://registry.npmjs.org/abitype/-/abitype-0.7.1.tgz",
      "integrity": "sha512-VBkRHTDZf9Myaek/dO3yMmOzB/y2s3Zo6nVU7yaw1G+TvCHAjwaJzNGN9yo4K5D8bU/VZXKP1EJpRhFr862PlQ==",
      "license": "MIT",
      "peerDependencies": {
        "typescript": ">=4.9.4",
        "zod": "^3 >=3.19.1"
      },
      "peerDependenciesMeta": {
        "zod": {
          "optional": true
        }
      }
    },
    "node_modules/available-typed-arrays": {
      "version": "1.0.7",
      "resolved": "https://registry.npmjs.org/available-typed-arrays/-/available-typed-arrays-1.0.7.tgz",
      "integrity": "sha512-wvUjBtSGN7+7SjNpq/9M2Tg350UZD3q62IFZLbRAR1bSMlCo1ZaeW+BJ+D090e4hIIZLBcTDWe4Mh4jvUDajzQ==",
      "license": "MIT",
      "dependencies": {
        "possible-typed-array-names": "^1.0.0"
      },
      "engines": {
        "node": ">= 0.4"
      },
      "funding": {
        "url": "https://github.com/sponsors/ljharb"
      }
    },
    "node_modules/call-bind": {
      "version": "1.0.8",
      "resolved": "https://registry.npmjs.org/call-bind/-/call-bind-1.0.8.tgz",
      "integrity": "sha512-oKlSFMcMwpUg2ednkhQ454wfWiU/ul3CkJe/PEHcTKuiX6RpbehUiFMXu13HalGZxfUwCQzZG747YXBn1im9ww==",
      "license": "MIT",
      "dependencies": {
        "call-bind-apply-helpers": "^1.0.0",
        "es-define-property": "^1.0.0",
        "get-intrinsic": "^1.2.4",
        "set-function-length": "^1.2.2"
      },
      "engines": {
        "node": ">= 0.4"
      },
      "funding": {
        "url": "https://github.com/sponsors/ljharb"
      }
    },
    "node_modules/call-bind-apply-helpers": {
      "version": "1.0.2",
      "resolved": "https://registry.npmjs.org/call-bind-apply-helpers/-/call-bind-apply-helpers-1.0.2.tgz",
      "integrity": "sha512-Sp1ablJ0ivDkSzjcaJdxEunN5/XvksFJ2sMBFfq6x0ryhQV/2b/KwFe21cMpmHtPOSij8K99/wSfoEuTObmuMQ==",
      "license": "MIT",
      "dependencies": {
        "es-errors": "^1.3.0",
        "function-bind": "^1.1.2"
      },
      "engines": {
        "node": ">= 0.4"
      }
    },
    "node_modules/call-bound": {
      "version": "1.0.4",
      "resolved": "https://registry.npmjs.org/call-bound/-/call-bound-1.0.4.tgz",
      "integrity": "sha512-+ys997U96po4Kx/ABpBCqhA9EuxJaQWDQg7295H4hBphv3IZg0boBKuwYpt4YXp6MZ5AmZQnU/tyMTlRpaSejg==",
      "license": "MIT",
      "dependencies": {
        "call-bind-apply-helpers": "^1.0.2",
        "get-intrinsic": "^1.3.0"
      },
      "engines": {
        "node": ">= 0.4"
      },
      "funding": {
        "url": "https://github.com/sponsors/ljharb"
      }
    },
    "node_modules/crc-32": {
      "version": "1.2.2",
      "resolved": "https://registry.npmjs.org/crc-32/-/crc-32-1.2.2.tgz",
      "integrity": "sha512-ROmzCKrTnOwybPcJApAA6WBWij23HVfGVNKqqrZpuyZOHqK2CwHSvpGuyt/UNNvaIjEd8X5IFGp4Mh+Ie1IHJQ==",
      "license": "Apache-2.0",
      "bin": {
        "crc32": "bin/crc32.njs"
      },
      "engines": {
        "node": ">=0.8"
      }
    },
    "node_modules/cross-fetch": {
      "version": "4.1.0",
      "resolved": "https://registry.npmjs.org/cross-fetch/-/cross-fetch-4.1.0.tgz",
      "integrity": "sha512-uKm5PU+MHTootlWEY+mZ4vvXoCn4fLQxT9dSc1sXVMSFkINTJVN8cAQROpwcKm8bJ/c7rgZVIBWzH5T78sNZZw==",
      "license": "MIT",
      "dependencies": {
        "node-fetch": "^2.7.0"
      }
    },
    "node_modules/define-data-property": {
      "version": "1.1.4",
      "resolved": "https://registry.npmjs.org/define-data-property/-/define-data-property-1.1.4.tgz",
      "integrity": "sha512-rBMvIzlpA8v6E+SJZoo++HAYqsLrkg7MSfIinMPFhmkorw7X+dOXVJQs+QT69zGkzMyfDnIMN2Wid1+NbL3T+A==",
      "license": "MIT",
      "dependencies": {
        "es-define-property": "^1.0.0",
        "es-errors": "^1.3.0",
        "gopd": "^1.0.1"
      },
      "engines": {
        "node": ">= 0.4"
      },
      "funding": {
        "url": "https://github.com/sponsors/ljharb"
      }
    },
    "node_modules/dunder-proto": {
      "version": "1.0.1",
      "resolved": "https://registry.npmjs.org/dunder-proto/-/dunder-proto-1.0.1.tgz",
      "integrity": "sha512-KIN/nDJBQRcXw0MLVhZE9iQHmG68qAVIBg9CqmUYjmQIhgij9U5MFvrqkUL5FbtyyzZuOeOt0zdeRe4UY7ct+A==",
      "license": "MIT",
      "dependencies": {
        "call-bind-apply-helpers": "^1.0.1",
        "es-errors": "^1.3.0",
        "gopd": "^1.2.0"
      },
      "engines": {
        "node": ">= 0.4"
      }
    },
    "node_modules/es-define-property": {
      "version": "1.0.1",
      "resolved": "https://registry.npmjs.org/es-define-property/-/es-define-property-1.0.1.tgz",
      "integrity": "sha512-e3nRfgfUZ4rNGL232gUgX06QNyyez04KdjFrF+LTRoOXmrOgFKDg4BCdsjW8EnT69eqdYGmRpJwiPVYNrCaW3g==",
      "license": "MIT",
      "engines": {
        "node": ">= 0.4"
      }
    },
    "node_modules/es-errors": {
      "version": "1.3.0",
      "resolved": "https://registry.npmjs.org/es-errors/-/es-errors-1.3.0.tgz",
      "integrity": "sha512-Zf5H2Kxt2xjTvbJvP2ZWLEICxA6j+hAmMzIlypy4xcBg1vKVnx89Wy0GbS+kf5cwCVFFzdCFh2XSCFNULS6csw==",
      "license": "MIT",
      "engines": {
        "node": ">= 0.4"
      }
    },
    "node_modules/es-object-atoms": {
      "version": "1.1.1",
      "resolved": "https://registry.npmjs.org/es-object-atoms/-/es-object-atoms-1.1.1.tgz",
      "integrity": "sha512-FGgH2h8zKNim9ljj7dankFPcICIK9Cp5bm+c2gQSYePhpaG5+esrLODihIorn+Pe6FGJzWhXQotPv73jTaldXA==",
      "license": "MIT",
      "dependencies": {
        "es-errors": "^1.3.0"
      },
      "engines": {
        "node": ">= 0.4"
      }
    },
    "node_modules/ethereum-cryptography": {
      "version": "3.2.0",
      "resolved": "https://registry.npmjs.org/ethereum-cryptography/-/ethereum-cryptography-3.2.0.tgz",
      "integrity": "sha512-Urr5YVsalH+Jo0sYkTkv1MyI9bLYZwW8BENZCeE1QYaTHETEYx0Nv/SVsWkSqpYrzweg6d8KMY1wTjH/1m/BIg==",
      "license": "MIT",
      "dependencies": {
        "@noble/ciphers": "1.3.0",
        "@noble/curves": "1.9.0",
        "@noble/hashes": "1.8.0",
        "@scure/bip32": "1.7.0",
        "@scure/bip39": "1.6.0"
      },
      "engines": {
        "node": "^14.21.3 || >=16",
        "npm": ">=9"
      }
    },
    "node_modules/eventemitter3": {
      "version": "5.0.1",
      "resolved": "https://registry.npmjs.org/eventemitter3/-/eventemitter3-5.0.1.tgz",
      "integrity": "sha512-GWkBvjiSZK87ELrYOSESUYeVIc9mvLLf/nXalMOS5dYrgZq9o5OVkbZAVM06CVxYsCwH9BDZFPlQTlPA1j4ahA==",
      "license": "MIT"
    },
    "node_modules/for-each": {
      "version": "0.3.5",
      "resolved": "https://registry.npmjs.org/for-each/-/for-each-0.3.5.tgz",
      "integrity": "sha512-dKx12eRCVIzqCxFGplyFKJMPvLEWgmNtUrpTiJIR5u97zEhRG8ySrtboPHZXx7daLxQVrl643cTzbab2tkQjxg==",
      "license": "MIT",
      "dependencies": {
        "is-callable": "^1.2.7"
      },
      "engines": {
        "node": ">= 0.4"
      },
      "funding": {
        "url": "https://github.com/sponsors/ljharb"
      }
    },
    "node_modules/function-bind": {
      "version": "1.1.2",
      "resolved": "https://registry.npmjs.org/function-bind/-/function-bind-1.1.2.tgz",
      "integrity": "sha512-7XHNxH7qX9xG5mIwxkhumTox/MIRNcOgDrxWsMt2pAr23WHp6MrRlN7FBSFpCpr+oVO0F744iUgR82nJMfG2SA==",
      "license": "MIT",
      "funding": {
        "url": "https://github.com/sponsors/ljharb"
      }
    },
    "node_modules/get-intrinsic": {
      "version": "1.3.0",
      "resolved": "https://registry.npmjs.org/get-intrinsic/-/get-intrinsic-1.3.0.tgz",
      "integrity": "sha512-9fSjSaos/fRIVIp+xSJlE6lfwhES7LNtKaCBIamHsjr2na1BiABJPo0mOjjz8GJDURarmCPGqaiVg5mfjb98CQ==",
      "license": "MIT",
      "dependencies": {
        "call-bind-apply-helpers": "^1.0.2",
        "es-define-property": "^1.0.1",
        "es-errors": "^1.3.0",
        "es-object-atoms": "^1.1.1",
        "function-bind": "^1.1.2",
        "get-proto": "^1.0.1",
        "gopd": "^1.2.0",
        "has-symbols": "^1.1.0",
        "hasown": "^2.0.2",
        "math-intrinsics": "^1.1.0"
      },
      "engines": {
        "node": ">= 0.4"
      },
      "funding": {
        "url": "https://github.com/sponsors/ljharb"
      }
    },
    "node_modules/get-proto": {
      "version": "1.0.1",
      "resolved": "https://registry.npmjs.org/get-proto/-/get-proto-1.0.1.tgz",
      "integrity": "sha512-sTSfBjoXBp89JvIKIefqw7U2CCebsc74kiY6awiGogKtoSGbgjYE/G/+l9sF3MWFPNc9IcoOC4ODfKHfxFmp0g==",
      "license": "MIT",
      "dependencies": {
        "dunder-proto": "^1.0.1",
        "es-object-atoms": "^1.0.0"
      },
      "engines": {
        "node": ">= 0.4"
      }
    },
    "node_modules/gopd": {
      "version": "1.2.0",
      "resolved": "https://registry.npmjs.org/gopd/-/gopd-1.2.0.tgz",
      "integrity": "sha512-ZUKRh6/kUFoAiTAtTYPZJ3hw9wNxx+BIBOijnlG9PnrJsCcSjs1wyyD6vJpaYtgnzDrKYRSqf3OO6Rfa93xsRg==",
      "license": "MIT",
      "engines": {
        "node": ">= 0.4"
      },
      "funding": {
        "url": "https://github.com/sponsors/ljharb"
      }
    },
    "node_modules/has-property-descriptors": {
      "version": "1.0.2",
      "resolved": "https://registry.npmjs.org/has-property-descriptors/-/has-property-descriptors-1.0.2.tgz",
      "integrity": "sha512-55JNKuIW+vq4Ke1BjOTjM2YctQIvCT7GFzHwmfZPGo5wnrgkid0YQtnAleFSqumZm4az3n2BS+erby5ipJdgrg==",
      "license": "MIT",
      "dependencies": {
        "es-define-property": "^1.0.0"
      },
      "funding": {
        "url": "https://github.com/sponsors/ljharb"
      }
    },
    "node_modules/has-symbols": {
      "version": "1.1.0",
      "resolved": "https://registry.npmjs.org/has-symbols/-/has-symbols-1.1.0.tgz",
      "integrity": "sha512-1cDNdwJ2Jaohmb3sg4OmKaMBwuC48sYni5HUw2DvsC8LjGTLK9h+eb1X6RyuOHe4hT0ULCW68iomhjUoKUqlPQ==",
      "license": "MIT",
      "engines": {
        "node": ">= 0.4"
      },
      "funding": {
        "url": "https://github.com/sponsors/ljharb"
      }
    },
    "node_modules/has-tostringtag": {
      "version": "1.0.2",
      "resolved": "https://registry.npmjs.org/has-tostringtag/-/has-tostringtag-1.0.2.tgz",
      "integrity": "sha512-NqADB8VjPFLM2V0VvHUewwwsw0ZWBaIdgo+ieHtK3hasLz4qeCRjYcqfB6AQrBggRKppKF8L52/VqdVsO47Dlw==",
      "license": "MIT",
      "dependencies": {
        "has-symbols": "^1.0.3"
      },
      "engines": {
        "node": ">= 0.4"
      },
      "funding": {
        "url": "https://github.com/sponsors/ljharb"
      }
    },
    "node_modules/hasown": {
      "version": "2.0.2",
      "resolved": "https://registry.npmjs.org/hasown/-/hasown-2.0.2.tgz",
      "integrity": "sha512-0hJU9SCPvmMzIBdZFqNPXWa6dqh7WdH0cII9y+CyS8rG3nL48Bclra9HmKhVVUHyPWNH5Y7xDwAB7bfgSjkUMQ==",
      "license": "MIT",
      "dependencies": {
        "function-bind": "^1.1.2"
      },
      "engines": {
        "node": ">= 0.4"
      }
    },
    "node_modules/inherits": {
      "version": "2.0.4",
      "resolved": "https://registry.npmjs.org/inherits/-/inherits-2.0.4.tgz",
      "integrity": "sha512-k/vGaX4/Yla3WzyMCvTQOXYeIHvqOKtnqBduzTHpzpQZzAskKMhZ2K+EnBiSM9zGSoIFeMpXKxa4dYeZIQqewQ==",
      "license": "ISC"
    },
    "node_modules/is-arguments": {
      "version": "1.2.0",
      "resolved": "https://registry.npmjs.org/is-arguments/-/is-arguments-1.2.0.tgz",
      "integrity": "sha512-7bVbi0huj/wrIAOzb8U1aszg9kdi3KN/CyU19CTI7tAoZYEZoL9yCDXpbXN+uPsuWnP02cyug1gleqq+TU+YCA==",
      "license": "MIT",
      "dependencies": {
        "call-bound": "^1.0.2",
        "has-tostringtag": "^1.0.2"
      },
      "engines": {
        "node": ">= 0.4"
      },
      "funding": {
        "url": "https://github.com/sponsors/ljharb"
      }
    },
    "node_modules/is-callable": {
      "version": "1.2.7",
      "resolved": "https://registry.npmjs.org/is-callable/-/is-callable-1.2.7.tgz",
      "integrity": "sha512-1BC0BVFhS/p0qtw6enp8e+8OD0UrK0oFLztSjNzhcKA3WDuJxxAPXzPuPtKkjEY9UUoEWlX/8fgKeu2S8i9JTA==",
      "license": "MIT",
      "engines": {
        "node": ">= 0.4"
      },
      "funding": {
        "url": "https://github.com/sponsors/ljharb"
      }
    },
    "node_modules/is-generator-function": {
      "version": "1.1.0",
      "resolved": "https://registry.npmjs.org/is-generator-function/-/is-generator-function-1.1.0.tgz",
      "integrity": "sha512-nPUB5km40q9e8UfN/Zc24eLlzdSf9OfKByBw9CIdw4H1giPMeA0OIJvbchsCu4npfI2QcMVBsGEBHKZ7wLTWmQ==",
      "license": "MIT",
      "dependencies": {
        "call-bound": "^1.0.3",
        "get-proto": "^1.0.0",
        "has-tostringtag": "^1.0.2",
        "safe-regex-test": "^1.1.0"
      },
      "engines": {
        "node": ">= 0.4"
      },
      "funding": {
        "url": "https://github.com/sponsors/ljharb"
      }
    },
    "node_modules/is-regex": {
      "version": "1.2.1",
      "resolved": "https://registry.npmjs.org/is-regex/-/is-regex-1.2.1.tgz",
      "integrity": "sha512-MjYsKHO5O7mCsmRGxWcLWheFqN9DJ/2TmngvjKXihe6efViPqc274+Fx/4fYj/r03+ESvBdTXK0V6tA3rgez1g==",
      "license": "MIT",
      "dependencies": {
        "call-bound": "^1.0.2",
        "gopd": "^1.2.0",
        "has-tostringtag": "^1.0.2",
        "hasown": "^2.0.2"
      },
      "engines": {
        "node": ">= 0.4"
      },
      "funding": {
        "url": "https://github.com/sponsors/ljharb"
      }
    },
    "node_modules/is-typed-array": {
      "version": "1.1.15",
      "resolved": "https://registry.npmjs.org/is-typed-array/-/is-typed-array-1.1.15.tgz",
      "integrity": "sha512-p3EcsicXjit7SaskXHs1hA91QxgTw46Fv6EFKKGS5DRFLD8yKnohjF3hxoju94b/OcMZoQukzpPpBE9uLVKzgQ==",
      "license": "MIT",
      "dependencies": {
        "which-typed-array": "^1.1.16"
      },
      "engines": {
        "node": ">= 0.4"
      },
      "funding": {
        "url": "https://github.com/sponsors/ljharb"
      }
    },
    "node_modules/isomorphic-ws": {
      "version": "5.0.0",
      "resolved": "https://registry.npmjs.org/isomorphic-ws/-/isomorphic-ws-5.0.0.tgz",
      "integrity": "sha512-muId7Zzn9ywDsyXgTIafTry2sV3nySZeUDe6YedVd1Hvuuep5AsIlqK+XefWpYTyJG5e503F2xIuT2lcU6rCSw==",
      "license": "MIT",
      "peerDependencies": {
        "ws": "*"
      }
    },
    "node_modules/math-intrinsics": {
      "version": "1.1.0",
      "resolved": "https://registry.npmjs.org/math-intrinsics/-/math-intrinsics-1.1.0.tgz",
      "integrity": "sha512-/IXtbwEk5HTPyEwyKX6hGkYXxM9nbj64B+ilVJnC/R6B0pH5G4V3b0pVbL7DBj4tkhBAppbQUlf6F6Xl9LHu1g==",
      "license": "MIT",
      "engines": {
        "node": ">= 0.4"
      }
    },
    "node_modules/node-fetch": {
      "version": "2.7.0",
      "resolved": "https://registry.npmjs.org/node-fetch/-/node-fetch-2.7.0.tgz",
      "integrity": "sha512-c4FRfUm/dbcWZ7U+1Wq0AwCyFL+3nt2bEw05wfxSz+DWpWsitgmSgYmy2dQdWyKC1694ELPqMs/YzUSNozLt8A==",
      "license": "MIT",
      "dependencies": {
        "whatwg-url": "^5.0.0"
      },
      "engines": {
        "node": "4.x || >=6.0.0"
      },
      "peerDependencies": {
        "encoding": "^0.1.0"
      },
      "peerDependenciesMeta": {
        "encoding": {
          "optional": true
        }
      }
    },
    "node_modules/possible-typed-array-names": {
      "version": "1.1.0",
      "resolved": "https://registry.npmjs.org/possible-typed-array-names/-/possible-typed-array-names-1.1.0.tgz",
      "integrity": "sha512-/+5VFTchJDoVj3bhoqi6UeymcD00DAwb1nJwamzPvHEszJ4FpF6SNNbUbOS8yI56qHzdV8eK0qEfOSiodkTdxg==",
      "license": "MIT",
      "engines": {
        "node": ">= 0.4"
      }
    },
    "node_modules/safe-regex-test": {
      "version": "1.1.0",
      "resolved": "https://registry.npmjs.org/safe-regex-test/-/safe-regex-test-1.1.0.tgz",
      "integrity": "sha512-x/+Cz4YrimQxQccJf5mKEbIa1NzeCRNI5Ecl/ekmlYaampdNLPalVyIcCZNNH3MvmqBugV5TMYZXv0ljslUlaw==",
      "license": "MIT",
      "dependencies": {
        "call-bound": "^1.0.2",
        "es-errors": "^1.3.0",
        "is-regex": "^1.2.1"
      },
      "engines": {
        "node": ">= 0.4"
      },
      "funding": {
        "url": "https://github.com/sponsors/ljharb"
      }
    },
    "node_modules/set-function-length": {
      "version": "1.2.2",
      "resolved": "https://registry.npmjs.org/set-function-length/-/set-function-length-1.2.2.tgz",
      "integrity": "sha512-pgRc4hJ4/sNjWCSS9AmnS40x3bNMDTknHgL5UaMBTMyJnU90EgWh1Rz+MC9eFu4BuN/UwZjKQuY/1v3rM7HMfg==",
      "license": "MIT",
      "dependencies": {
        "define-data-property": "^1.1.4",
        "es-errors": "^1.3.0",
        "function-bind": "^1.1.2",
        "get-intrinsic": "^1.2.4",
        "gopd": "^1.0.1",
        "has-property-descriptors": "^1.0.2"
      },
      "engines": {
        "node": ">= 0.4"
      }
    },
    "node_modules/setimmediate": {
      "version": "1.0.5",
      "resolved": "https://registry.npmjs.org/setimmediate/-/setimmediate-1.0.5.tgz",
      "integrity": "sha512-MATJdZp8sLqDl/68LfQmbP8zKPLQNV6BIZoIgrscFDQ+RsvK/BxeDQOgyxKKoh0y/8h3BqVFnCqQ/gd+reiIXA==",
      "license": "MIT"
    },
    "node_modules/tr46": {
      "version": "0.0.3",
      "resolved": "https://registry.npmjs.org/tr46/-/tr46-0.0.3.tgz",
      "integrity": "sha512-N3WMsuqV66lT30CrXNbEjx4GEwlow3v6rr4mCcv6prnfwhS01rkgyFdjPNBYd9br7LpXV1+Emh01fHnq2Gdgrw==",
      "license": "MIT"
    },
    "node_modules/typescript": {
      "version": "5.8.3",
      "resolved": "https://registry.npmjs.org/typescript/-/typescript-5.8.3.tgz",
      "integrity": "sha512-p1diW6TqL9L07nNxvRMM7hMMw4c5XOo/1ibL4aAIGmSAt9slTE1Xgw5KWuof2uTOvCg9BY7ZRi+GaF+7sfgPeQ==",
      "license": "Apache-2.0",
      "peer": true,
      "bin": {
        "tsc": "bin/tsc",
        "tsserver": "bin/tsserver"
      },
      "engines": {
        "node": ">=14.17"
      }
    },
    "node_modules/undici-types": {
      "version": "7.8.0",
      "resolved": "https://registry.npmjs.org/undici-types/-/undici-types-7.8.0.tgz",
      "integrity": "sha512-9UJ2xGDvQ43tYyVMpuHlsgApydB8ZKfVYTsLDhXkFL/6gfkp+U8xTGdh8pMJv1SpZna0zxG1DwsKZsreLbXBxw==",
      "license": "MIT"
    },
    "node_modules/util": {
      "version": "0.12.5",
      "resolved": "https://registry.npmjs.org/util/-/util-0.12.5.tgz",
      "integrity": "sha512-kZf/K6hEIrWHI6XqOFUiiMa+79wE/D8Q+NCNAWclkyg3b4d2k7s0QGepNjiABc+aR3N1PAyHL7p6UcLY6LmrnA==",
      "license": "MIT",
      "dependencies": {
        "inherits": "^2.0.3",
        "is-arguments": "^1.0.4",
        "is-generator-function": "^1.0.7",
        "is-typed-array": "^1.1.3",
        "which-typed-array": "^1.1.2"
      }
    },
    "node_modules/web3-core": {
      "version": "4.7.1",
      "resolved": "https://registry.npmjs.org/web3-core/-/web3-core-4.7.1.tgz",
      "integrity": "sha512-9KSeASCb/y6BG7rwhgtYC4CvYY66JfkmGNEYb7q1xgjt9BWfkf09MJPaRyoyT5trdOxYDHkT9tDlypvQWaU8UQ==",
      "license": "LGPL-3.0",
      "dependencies": {
        "web3-errors": "^1.3.1",
        "web3-eth-accounts": "^4.3.1",
        "web3-eth-iban": "^4.0.7",
        "web3-providers-http": "^4.2.0",
        "web3-providers-ws": "^4.0.8",
        "web3-types": "^1.10.0",
        "web3-utils": "^4.3.3",
        "web3-validator": "^2.0.6"
      },
      "engines": {
        "node": ">=14",
        "npm": ">=6.12.0"
      },
      "optionalDependencies": {
        "web3-providers-ipc": "^4.0.7"
      }
    },
    "node_modules/web3-errors": {
      "version": "1.3.1",
      "resolved": "https://registry.npmjs.org/web3-errors/-/web3-errors-1.3.1.tgz",
      "integrity": "sha512-w3NMJujH+ZSW4ltIZZKtdbkbyQEvBzyp3JRn59Ckli0Nz4VMsVq8aF1bLWM7A2kuQ+yVEm3ySeNU+7mSRwx7RQ==",
      "license": "LGPL-3.0",
      "dependencies": {
        "web3-types": "^1.10.0"
      },
      "engines": {
        "node": ">=14",
        "npm": ">=6.12.0"
      }
    },
    "node_modules/web3-eth": {
      "version": "4.11.1",
      "resolved": "https://registry.npmjs.org/web3-eth/-/web3-eth-4.11.1.tgz",
      "integrity": "sha512-q9zOkzHnbLv44mwgLjLXuyqszHuUgZWsQayD2i/rus2uk0G7hMn11bE2Q3hOVnJS4ws4VCtUznlMxwKQ+38V2w==",
      "license": "LGPL-3.0",
      "dependencies": {
        "setimmediate": "^1.0.5",
        "web3-core": "^4.7.1",
        "web3-errors": "^1.3.1",
        "web3-eth-abi": "^4.4.1",
        "web3-eth-accounts": "^4.3.1",
        "web3-net": "^4.1.0",
        "web3-providers-ws": "^4.0.8",
        "web3-rpc-methods": "^1.3.0",
        "web3-types": "^1.10.0",
        "web3-utils": "^4.3.3",
        "web3-validator": "^2.0.6"
      },
      "engines": {
        "node": ">=14",
        "npm": ">=6.12.0"
      }
    },
    "node_modules/web3-eth-abi": {
      "version": "4.4.1",
      "resolved": "https://registry.npmjs.org/web3-eth-abi/-/web3-eth-abi-4.4.1.tgz",
      "integrity": "sha512-60ecEkF6kQ9zAfbTY04Nc9q4eEYM0++BySpGi8wZ2PD1tw/c0SDvsKhV6IKURxLJhsDlb08dATc3iD6IbtWJmg==",
      "license": "LGPL-3.0",
      "dependencies": {
        "abitype": "0.7.1",
        "web3-errors": "^1.3.1",
        "web3-types": "^1.10.0",
        "web3-utils": "^4.3.3",
        "web3-validator": "^2.0.6"
      },
      "engines": {
        "node": ">=14",
        "npm": ">=6.12.0"
      }
    },
    "node_modules/web3-eth-accounts": {
      "version": "4.3.1",
      "resolved": "https://registry.npmjs.org/web3-eth-accounts/-/web3-eth-accounts-4.3.1.tgz",
      "integrity": "sha512-rTXf+H9OKze6lxi7WMMOF1/2cZvJb2AOnbNQxPhBDssKOllAMzLhg1FbZ4Mf3lWecWfN6luWgRhaeSqO1l+IBQ==",
      "license": "LGPL-3.0",
      "dependencies": {
        "@ethereumjs/rlp": "^4.0.1",
        "crc-32": "^1.2.2",
        "ethereum-cryptography": "^2.0.0",
        "web3-errors": "^1.3.1",
        "web3-types": "^1.10.0",
        "web3-utils": "^4.3.3",
        "web3-validator": "^2.0.6"
      },
      "engines": {
        "node": ">=14",
        "npm": ">=6.12.0"
      }
    },
    "node_modules/web3-eth-accounts/node_modules/@ethereumjs/rlp": {
      "version": "4.0.1",
      "resolved": "https://registry.npmjs.org/@ethereumjs/rlp/-/rlp-4.0.1.tgz",
      "integrity": "sha512-tqsQiBQDQdmPWE1xkkBq4rlSW5QZpLOUJ5RJh2/9fug+q9tnUhuZoVLk7s0scUIKTOzEtR72DFBXI4WiZcMpvw==",
      "license": "MPL-2.0",
      "bin": {
        "rlp": "bin/rlp"
      },
      "engines": {
        "node": ">=14"
      }
    },
    "node_modules/web3-eth-accounts/node_modules/@noble/curves": {
      "version": "1.4.2",
      "resolved": "https://registry.npmjs.org/@noble/curves/-/curves-1.4.2.tgz",
      "integrity": "sha512-TavHr8qycMChk8UwMld0ZDRvatedkzWfH8IiaeGCfymOP5i0hSCozz9vHOL0nkwk7HRMlFnAiKpS2jrUmSybcw==",
      "license": "MIT",
      "dependencies": {
        "@noble/hashes": "1.4.0"
      },
      "funding": {
        "url": "https://paulmillr.com/funding/"
      }
    },
    "node_modules/web3-eth-accounts/node_modules/@noble/hashes": {
      "version": "1.4.0",
      "resolved": "https://registry.npmjs.org/@noble/hashes/-/hashes-1.4.0.tgz",
      "integrity": "sha512-V1JJ1WTRUqHHrOSh597hURcMqVKVGL/ea3kv0gSnEdsEZ0/+VyPghM1lMNGc00z7CIQorSvbKpuJkxvuHbvdbg==",
      "license": "MIT",
      "engines": {
        "node": ">= 16"
      },
      "funding": {
        "url": "https://paulmillr.com/funding/"
      }
    },
    "node_modules/web3-eth-accounts/node_modules/@scure/base": {
      "version": "1.1.9",
      "resolved": "https://registry.npmjs.org/@scure/base/-/base-1.1.9.tgz",
      "integrity": "sha512-8YKhl8GHiNI/pU2VMaofa2Tor7PJRAjwQLBBuilkJ9L5+13yVbC7JO/wS7piioAvPSwR3JKM1IJ/u4xQzbcXKg==",
      "license": "MIT",
      "funding": {
        "url": "https://paulmillr.com/funding/"
      }
    },
    "node_modules/web3-eth-accounts/node_modules/@scure/bip32": {
      "version": "1.4.0",
      "resolved": "https://registry.npmjs.org/@scure/bip32/-/bip32-1.4.0.tgz",
      "integrity": "sha512-sVUpc0Vq3tXCkDGYVWGIZTRfnvu8LoTDaev7vbwh0omSvVORONr960MQWdKqJDCReIEmTj3PAr73O3aoxz7OPg==",
      "license": "MIT",
      "dependencies": {
        "@noble/curves": "~1.4.0",
        "@noble/hashes": "~1.4.0",
        "@scure/base": "~1.1.6"
      },
      "funding": {
        "url": "https://paulmillr.com/funding/"
      }
    },
    "node_modules/web3-eth-accounts/node_modules/@scure/bip39": {
      "version": "1.3.0",
      "resolved": "https://registry.npmjs.org/@scure/bip39/-/bip39-1.3.0.tgz",
      "integrity": "sha512-disdg7gHuTDZtY+ZdkmLpPCk7fxZSu3gBiEGuoC1XYxv9cGx3Z6cpTggCgW6odSOOIXCiDjuGejW+aJKCY/pIQ==",
      "license": "MIT",
      "dependencies": {
        "@noble/hashes": "~1.4.0",
        "@scure/base": "~1.1.6"
      },
      "funding": {
        "url": "https://paulmillr.com/funding/"
      }
    },
    "node_modules/web3-eth-accounts/node_modules/ethereum-cryptography": {
      "version": "2.2.1",
      "resolved": "https://registry.npmjs.org/ethereum-cryptography/-/ethereum-cryptography-2.2.1.tgz",
      "integrity": "sha512-r/W8lkHSiTLxUxW8Rf3u4HGB0xQweG2RyETjywylKZSzLWoWAijRz8WCuOtJ6wah+avllXBqZuk29HCCvhEIRg==",
      "license": "MIT",
      "dependencies": {
        "@noble/curves": "1.4.2",
        "@noble/hashes": "1.4.0",
        "@scure/bip32": "1.4.0",
        "@scure/bip39": "1.3.0"
      }
    },
    "node_modules/web3-eth-contract": {
      "version": "4.7.2",
      "resolved": "https://registry.npmjs.org/web3-eth-contract/-/web3-eth-contract-4.7.2.tgz",
      "integrity": "sha512-3ETqs2pMNPEAc7BVY/C3voOhTUeJdkf2aM3X1v+edbngJLHAxbvxKpOqrcO0cjXzC4uc2Q8Zpf8n8zT5r0eLnA==",
      "license": "LGPL-3.0",
      "dependencies": {
        "@ethereumjs/rlp": "^5.0.2",
        "web3-core": "^4.7.1",
        "web3-errors": "^1.3.1",
        "web3-eth": "^4.11.1",
        "web3-eth-abi": "^4.4.1",
        "web3-types": "^1.10.0",
        "web3-utils": "^4.3.3",
        "web3-validator": "^2.0.6"
      },
      "engines": {
        "node": ">=14",
        "npm": ">=6.12.0"
      }
    },
    "node_modules/web3-eth-contract/node_modules/@ethereumjs/rlp": {
      "version": "5.0.2",
      "resolved": "https://registry.npmjs.org/@ethereumjs/rlp/-/rlp-5.0.2.tgz",
      "integrity": "sha512-DziebCdg4JpGlEqEdGgXmjqcFoJi+JGulUXwEjsZGAscAQ7MyD/7LE/GVCP29vEQxKc7AAwjT3A2ywHp2xfoCA==",
      "license": "MPL-2.0",
      "bin": {
        "rlp": "bin/rlp.cjs"
      },
      "engines": {
        "node": ">=18"
      }
    },
    "node_modules/web3-eth-iban": {
      "version": "4.0.7",
      "resolved": "https://registry.npmjs.org/web3-eth-iban/-/web3-eth-iban-4.0.7.tgz",
      "integrity": "sha512-8weKLa9KuKRzibC87vNLdkinpUE30gn0IGY027F8doeJdcPUfsa4IlBgNC4k4HLBembBB2CTU0Kr/HAOqMeYVQ==",
      "license": "LGPL-3.0",
      "dependencies": {
        "web3-errors": "^1.1.3",
        "web3-types": "^1.3.0",
        "web3-utils": "^4.0.7",
        "web3-validator": "^2.0.3"
      },
      "engines": {
        "node": ">=14",
        "npm": ">=6.12.0"
      }
    },
    "node_modules/web3-net": {
      "version": "4.1.0",
      "resolved": "https://registry.npmjs.org/web3-net/-/web3-net-4.1.0.tgz",
      "integrity": "sha512-WWmfvHVIXWEoBDWdgKNYKN8rAy6SgluZ0abyRyXOL3ESr7ym7pKWbfP4fjApIHlYTh8tNqkrdPfM4Dyi6CA0SA==",
      "license": "LGPL-3.0",
      "dependencies": {
        "web3-core": "^4.4.0",
        "web3-rpc-methods": "^1.3.0",
        "web3-types": "^1.6.0",
        "web3-utils": "^4.3.0"
      },
      "engines": {
        "node": ">=14",
        "npm": ">=6.12.0"
      }
    },
    "node_modules/web3-providers-http": {
      "version": "4.2.0",
      "resolved": "https://registry.npmjs.org/web3-providers-http/-/web3-providers-http-4.2.0.tgz",
      "integrity": "sha512-IPMnDtHB7dVwaB7/mMxAZzyq7d5ezfO1+Vw0bNfAeIi7gaDlJiggp85SdyAfOgov8AMUA/dyiY72kQ0KmjXKvQ==",
      "license": "LGPL-3.0",
      "dependencies": {
        "cross-fetch": "^4.0.0",
        "web3-errors": "^1.3.0",
        "web3-types": "^1.7.0",
        "web3-utils": "^4.3.1"
      },
      "engines": {
        "node": ">=14",
        "npm": ">=6.12.0"
      }
    },
    "node_modules/web3-providers-ipc": {
      "version": "4.0.7",
      "resolved": "https://registry.npmjs.org/web3-providers-ipc/-/web3-providers-ipc-4.0.7.tgz",
      "integrity": "sha512-YbNqY4zUvIaK2MHr1lQFE53/8t/ejHtJchrWn9zVbFMGXlTsOAbNoIoZWROrg1v+hCBvT2c9z8xt7e/+uz5p1g==",
      "license": "LGPL-3.0",
      "optional": true,
      "dependencies": {
        "web3-errors": "^1.1.3",
        "web3-types": "^1.3.0",
        "web3-utils": "^4.0.7"
      },
      "engines": {
        "node": ">=14",
        "npm": ">=6.12.0"
      }
    },
    "node_modules/web3-providers-ws": {
      "version": "4.0.8",
      "resolved": "https://registry.npmjs.org/web3-providers-ws/-/web3-providers-ws-4.0.8.tgz",
      "integrity": "sha512-goJdgata7v4pyzHRsg9fSegUG4gVnHZSHODhNnn6J93ykHkBI1nz4fjlGpcQLUMi4jAMz6SHl9Ibzs2jj9xqPw==",
      "license": "LGPL-3.0",
      "dependencies": {
        "@types/ws": "8.5.3",
        "isomorphic-ws": "^5.0.0",
        "web3-errors": "^1.2.0",
        "web3-types": "^1.7.0",
        "web3-utils": "^4.3.1",
        "ws": "^8.17.1"
      },
      "engines": {
        "node": ">=14",
        "npm": ">=6.12.0"
      }
    },
    "node_modules/web3-rpc-methods": {
      "version": "1.3.0",
      "resolved": "https://registry.npmjs.org/web3-rpc-methods/-/web3-rpc-methods-1.3.0.tgz",
      "integrity": "sha512-/CHmzGN+IYgdBOme7PdqzF+FNeMleefzqs0LVOduncSaqsppeOEoskLXb2anSpzmQAP3xZJPaTrkQPWSJMORig==",
      "license": "LGPL-3.0",
      "dependencies": {
        "web3-core": "^4.4.0",
        "web3-types": "^1.6.0",
        "web3-validator": "^2.0.6"
      },
      "engines": {
        "node": ">=14",
        "npm": ">=6.12.0"
      }
    },
    "node_modules/web3-types": {
      "version": "1.10.0",
      "resolved": "https://registry.npmjs.org/web3-types/-/web3-types-1.10.0.tgz",
      "integrity": "sha512-0IXoaAFtFc8Yin7cCdQfB9ZmjafrbP6BO0f0KT/khMhXKUpoJ6yShrVhiNpyRBo8QQjuOagsWzwSK2H49I7sbw==",
      "license": "LGPL-3.0",
      "engines": {
        "node": ">=14",
        "npm": ">=6.12.0"
      }
    },
    "node_modules/web3-utils": {
      "version": "4.3.3",
      "resolved": "https://registry.npmjs.org/web3-utils/-/web3-utils-4.3.3.tgz",
      "integrity": "sha512-kZUeCwaQm+RNc2Bf1V3BYbF29lQQKz28L0y+FA4G0lS8IxtJVGi5SeDTUkpwqqkdHHC7JcapPDnyyzJ1lfWlOw==",
      "license": "LGPL-3.0",
      "dependencies": {
        "ethereum-cryptography": "^2.0.0",
        "eventemitter3": "^5.0.1",
        "web3-errors": "^1.3.1",
        "web3-types": "^1.10.0",
        "web3-validator": "^2.0.6"
      },
      "engines": {
        "node": ">=14",
        "npm": ">=6.12.0"
      }
    },
    "node_modules/web3-utils/node_modules/@noble/curves": {
      "version": "1.4.2",
      "resolved": "https://registry.npmjs.org/@noble/curves/-/curves-1.4.2.tgz",
      "integrity": "sha512-TavHr8qycMChk8UwMld0ZDRvatedkzWfH8IiaeGCfymOP5i0hSCozz9vHOL0nkwk7HRMlFnAiKpS2jrUmSybcw==",
      "license": "MIT",
      "dependencies": {
        "@noble/hashes": "1.4.0"
      },
      "funding": {
        "url": "https://paulmillr.com/funding/"
      }
    },
    "node_modules/web3-utils/node_modules/@noble/hashes": {
      "version": "1.4.0",
      "resolved": "https://registry.npmjs.org/@noble/hashes/-/hashes-1.4.0.tgz",
      "integrity": "sha512-V1JJ1WTRUqHHrOSh597hURcMqVKVGL/ea3kv0gSnEdsEZ0/+VyPghM1lMNGc00z7CIQorSvbKpuJkxvuHbvdbg==",
      "license": "MIT",
      "engines": {
        "node": ">= 16"
      },
      "funding": {
        "url": "https://paulmillr.com/funding/"
      }
    },
    "node_modules/web3-utils/node_modules/@scure/base": {
      "version": "1.1.9",
      "resolved": "https://registry.npmjs.org/@scure/base/-/base-1.1.9.tgz",
      "integrity": "sha512-8YKhl8GHiNI/pU2VMaofa2Tor7PJRAjwQLBBuilkJ9L5+13yVbC7JO/wS7piioAvPSwR3JKM1IJ/u4xQzbcXKg==",
      "license": "MIT",
      "funding": {
        "url": "https://paulmillr.com/funding/"
      }
    },
    "node_modules/web3-utils/node_modules/@scure/bip32": {
      "version": "1.4.0",
      "resolved": "https://registry.npmjs.org/@scure/bip32/-/bip32-1.4.0.tgz",
      "integrity": "sha512-sVUpc0Vq3tXCkDGYVWGIZTRfnvu8LoTDaev7vbwh0omSvVORONr960MQWdKqJDCReIEmTj3PAr73O3aoxz7OPg==",
      "license": "MIT",
      "dependencies": {
        "@noble/curves": "~1.4.0",
        "@noble/hashes": "~1.4.0",
        "@scure/base": "~1.1.6"
      },
      "funding": {
        "url": "https://paulmillr.com/funding/"
      }
    },
    "node_modules/web3-utils/node_modules/@scure/bip39": {
      "version": "1.3.0",
      "resolved": "https://registry.npmjs.org/@scure/bip39/-/bip39-1.3.0.tgz",
      "integrity": "sha512-disdg7gHuTDZtY+ZdkmLpPCk7fxZSu3gBiEGuoC1XYxv9cGx3Z6cpTggCgW6odSOOIXCiDjuGejW+aJKCY/pIQ==",
      "license": "MIT",
      "dependencies": {
        "@noble/hashes": "~1.4.0",
        "@scure/base": "~1.1.6"
      },
      "funding": {
        "url": "https://paulmillr.com/funding/"
      }
    },
    "node_modules/web3-utils/node_modules/ethereum-cryptography": {
      "version": "2.2.1",
      "resolved": "https://registry.npmjs.org/ethereum-cryptography/-/ethereum-cryptography-2.2.1.tgz",
      "integrity": "sha512-r/W8lkHSiTLxUxW8Rf3u4HGB0xQweG2RyETjywylKZSzLWoWAijRz8WCuOtJ6wah+avllXBqZuk29HCCvhEIRg==",
      "license": "MIT",
      "dependencies": {
        "@noble/curves": "1.4.2",
        "@noble/hashes": "1.4.0",
        "@scure/bip32": "1.4.0",
        "@scure/bip39": "1.3.0"
      }
    },
    "node_modules/web3-validator": {
      "version": "2.0.6",
      "resolved": "https://registry.npmjs.org/web3-validator/-/web3-validator-2.0.6.tgz",
      "integrity": "sha512-qn9id0/l1bWmvH4XfnG/JtGKKwut2Vokl6YXP5Kfg424npysmtRLe9DgiNBM9Op7QL/aSiaA0TVXibuIuWcizg==",
      "license": "LGPL-3.0",
      "dependencies": {
        "ethereum-cryptography": "^2.0.0",
        "util": "^0.12.5",
        "web3-errors": "^1.2.0",
        "web3-types": "^1.6.0",
        "zod": "^3.21.4"
      },
      "engines": {
        "node": ">=14",
        "npm": ">=6.12.0"
      }
    },
    "node_modules/web3-validator/node_modules/@noble/curves": {
      "version": "1.4.2",
      "resolved": "https://registry.npmjs.org/@noble/curves/-/curves-1.4.2.tgz",
      "integrity": "sha512-TavHr8qycMChk8UwMld0ZDRvatedkzWfH8IiaeGCfymOP5i0hSCozz9vHOL0nkwk7HRMlFnAiKpS2jrUmSybcw==",
      "license": "MIT",
      "dependencies": {
        "@noble/hashes": "1.4.0"
      },
      "funding": {
        "url": "https://paulmillr.com/funding/"
      }
    },
    "node_modules/web3-validator/node_modules/@noble/hashes": {
      "version": "1.4.0",
      "resolved": "https://registry.npmjs.org/@noble/hashes/-/hashes-1.4.0.tgz",
      "integrity": "sha512-V1JJ1WTRUqHHrOSh597hURcMqVKVGL/ea3kv0gSnEdsEZ0/+VyPghM1lMNGc00z7CIQorSvbKpuJkxvuHbvdbg==",
      "license": "MIT",
      "engines": {
        "node": ">= 16"
      },
      "funding": {
        "url": "https://paulmillr.com/funding/"
      }
    },
    "node_modules/web3-validator/node_modules/@scure/base": {
      "version": "1.1.9",
      "resolved": "https://registry.npmjs.org/@scure/base/-/base-1.1.9.tgz",
      "integrity": "sha512-8YKhl8GHiNI/pU2VMaofa2Tor7PJRAjwQLBBuilkJ9L5+13yVbC7JO/wS7piioAvPSwR3JKM1IJ/u4xQzbcXKg==",
      "license": "MIT",
      "funding": {
        "url": "https://paulmillr.com/funding/"
      }
    },
    "node_modules/web3-validator/node_modules/@scure/bip32": {
      "version": "1.4.0",
      "resolved": "https://registry.npmjs.org/@scure/bip32/-/bip32-1.4.0.tgz",
      "integrity": "sha512-sVUpc0Vq3tXCkDGYVWGIZTRfnvu8LoTDaev7vbwh0omSvVORONr960MQWdKqJDCReIEmTj3PAr73O3aoxz7OPg==",
      "license": "MIT",
      "dependencies": {
        "@noble/curves": "~1.4.0",
        "@noble/hashes": "~1.4.0",
        "@scure/base": "~1.1.6"
      },
      "funding": {
        "url": "https://paulmillr.com/funding/"
      }
    },
    "node_modules/web3-validator/node_modules/@scure/bip39": {
      "version": "1.3.0",
      "resolved": "https://registry.npmjs.org/@scure/bip39/-/bip39-1.3.0.tgz",
      "integrity": "sha512-disdg7gHuTDZtY+ZdkmLpPCk7fxZSu3gBiEGuoC1XYxv9cGx3Z6cpTggCgW6odSOOIXCiDjuGejW+aJKCY/pIQ==",
      "license": "MIT",
      "dependencies": {
        "@noble/hashes": "~1.4.0",
        "@scure/base": "~1.1.6"
      },
      "funding": {
        "url": "https://paulmillr.com/funding/"
      }
    },
    "node_modules/web3-validator/node_modules/ethereum-cryptography": {
      "version": "2.2.1",
      "resolved": "https://registry.npmjs.org/ethereum-cryptography/-/ethereum-cryptography-2.2.1.tgz",
      "integrity": "sha512-r/W8lkHSiTLxUxW8Rf3u4HGB0xQweG2RyETjywylKZSzLWoWAijRz8WCuOtJ6wah+avllXBqZuk29HCCvhEIRg==",
      "license": "MIT",
      "dependencies": {
        "@noble/curves": "1.4.2",
        "@noble/hashes": "1.4.0",
        "@scure/bip32": "1.4.0",
        "@scure/bip39": "1.3.0"
      }
    },
    "node_modules/webidl-conversions": {
      "version": "3.0.1",
      "resolved": "https://registry.npmjs.org/webidl-conversions/-/webidl-conversions-3.0.1.tgz",
      "integrity": "sha512-2JAn3z8AR6rjK8Sm8orRC0h/bcl/DqL7tRPdGZ4I1CjdF+EaMLmYxBHyXuKL849eucPFhvBoxMsflfOb8kxaeQ==",
      "license": "BSD-2-Clause"
    },
    "node_modules/whatwg-url": {
      "version": "5.0.0",
      "resolved": "https://registry.npmjs.org/whatwg-url/-/whatwg-url-5.0.0.tgz",
      "integrity": "sha512-saE57nupxk6v3HY35+jzBwYa0rKSy0XR8JSxZPwgLr7ys0IBzhGviA1/TUGJLmSVqs8pb9AnvICXEuOHLprYTw==",
      "license": "MIT",
      "dependencies": {
        "tr46": "~0.0.3",
        "webidl-conversions": "^3.0.0"
      }
    },
    "node_modules/which-typed-array": {
      "version": "1.1.19",
      "resolved": "https://registry.npmjs.org/which-typed-array/-/which-typed-array-1.1.19.tgz",
      "integrity": "sha512-rEvr90Bck4WZt9HHFC4DJMsjvu7x+r6bImz0/BrbWb7A2djJ8hnZMrWnHo9F8ssv0OMErasDhftrfROTyqSDrw==",
      "license": "MIT",
      "dependencies": {
        "available-typed-arrays": "^1.0.7",
        "call-bind": "^1.0.8",
        "call-bound": "^1.0.4",
        "for-each": "^0.3.5",
        "get-proto": "^1.0.1",
        "gopd": "^1.2.0",
        "has-tostringtag": "^1.0.2"
      },
      "engines": {
        "node": ">= 0.4"
      },
      "funding": {
        "url": "https://github.com/sponsors/ljharb"
      }
    },
    "node_modules/ws": {
      "version": "8.18.3",
      "resolved": "https://registry.npmjs.org/ws/-/ws-8.18.3.tgz",
      "integrity": "sha512-PEIGCY5tSlUt50cqyMXfCzX+oOPqN0vuGqWzbcJ2xvnkzkq46oOpz7dQaTDBdfICb4N14+GARUDw2XV2N4tvzg==",
      "license": "MIT",
      "engines": {
        "node": ">=10.0.0"
      },
      "peerDependencies": {
        "bufferutil": "^4.0.1",
        "utf-8-validate": ">=5.0.2"
      },
      "peerDependenciesMeta": {
        "bufferutil": {
          "optional": true
        },
        "utf-8-validate": {
          "optional": true
        }
      }
    },
    "node_modules/zod": {
      "version": "3.25.76",
      "resolved": "https://registry.npmjs.org/zod/-/zod-3.25.76.tgz",
      "integrity": "sha512-gzUt/qt81nXsFGKIFcC3YnfEAx5NkunCfnDlvuBSSFS02bcXu4Lmea0AFIUwbLWxWPx3d9p8S5QoaujKcNQxcQ==",
      "license": "MIT",
      "funding": {
        "url": "https://github.com/sponsors/colinhacks"
      }
    }
  }
}
