github.com/davecgh/go-spew v1.1.1/go.mod h1:J7Y8YcW2NihsgmVo/mv3lAwl/skON4iLHjSsI+c5H38=
github.com/decred/dcrd v1.3.0 h1:EEXm7BdiROfazDtuFsOu9mfotnyy00bgCuVwUqaszFo=
github.com/decred/dcrd/chaincfg/chainhash v1.0.2/go.mod h1:BpbrGgrPTr3YJYRN3Bm+D9NuaFd+zGyNeIKgrhCXK60=
github.com/decred/dcrd/crypto/blake256 v1.0.0/go.mod h1:sQl2p6Y26YV+ZOcSTP6thNdn47hh8kt6rqSlvmrXFAc=
github.com/decred/dcrd/dcrec v1.0.0 h1:W+z6Es+Rai3MXYVoPAxYr5U1DGis0Co33scJ6uH2J6o=
github.com/decred/dcrd/dcrec/secp256k1 v1.0.3 h1:u4XpHqlscRolxPxt2YHrFBDVZYY1AK+KMV02H1r+HmU=
github.com/decred/dcrd/dcrec/secp256k1/v2 v2.0.0 h1:3GIJYXQDAKpLEFriGFN8SbSffak10UXHGdIcFaMPykY=
github.com/decred/dcrd/dcrec/secp256k1/v2 v2.0.0/go.mod h1:3s92l0paYkZoIHuj4X93Teg/HB7eGM9x/zokGw+u4mY=
