github.com/decred/dcrd v1.3.0 h1:EEXm7BdiROfazDtuFsOu9mfotnyy00bgCuVwUqaszFo=
github.com/decred/dcrd/certgen v1.1.0 h1:lAPE2OLYdYeXDCaji/+KC53j7/s7wF7RVGeQbXK//XA=
github.com/decred/dcrd/certgen v1.1.0/go.mod h1:ivkPLChfjdAgFh7ZQOtl6kJRqVkfrCq67dlq3AbZBQE=
github.com/decred/dcrdex v0.0.0-20191112195536-93fbcfa8146e h1:TjWYIwZPDMP2oCl9FT/1n4WcgxVfTnxOez5v8rrSHGE=
github.com/decred/slog v1.0.0 h1:Dl+W8O6/JH6n2xIFN2p3DNjCmjYwvrXsjlSJTQQ4MhE=
github.com/decred/slog v1.0.0/go.mod h1:zR98rEZHSnbZ4WHZtO0iqmSZjDLKhkXfrPTZQKtAonQ=
github.com/go-chi/chi v4.0.2+incompatible h1:maB6vn6FqCxrpz4FqWdh4+lwpyZIQS7YEAUcHlgXVRs=
github.com/go-chi/chi v4.0.2+incompatible/go.mod h1:eB3wogJHnLi3x/kFX2A+IbTBlXxmMeXJVKy9tTv1XzQ=
github.com/gorilla/websocket v1.4.1 h1:q7AeDBpnBk8AogcD4DSag/Ukw/KV+YhzLj2bP5HvKCM=
github.com/gorilla/websocket v1.4.1/go.mod h1:YR8l580nyteQvAITg2hZ9XVh4b55+EU/adAjf1fMHhE=
