github.com/davecgh/go-spew v1.1.1/go.mod h1:J7Y8YcW2NihsgmVo/mv3lAwl/skON4iLHjSsI+c5H38=
github.com/dchest/blake256 v1.0.0/go.mod h1:xXNWCE1jsAP8DAjP+rKw2MbeqLczjI3TRx2VK+9OEYY=
github.com/decred/dcrd v1.3.0 h1:EEXm7BdiROfazDtuFsOu9mfotnyy00bgCuVwUqaszFo=
github.com/decred/dcrd/certgen v1.1.0 h1:lAPE2OLYdYeXDCaji/+KC53j7/s7wF7RVGeQbXK//XA=
github.com/decred/dcrd/certgen v1.1.0/go.mod h1:ivkPLChfjdAgFh7ZQOtl6kJRqVkfrCq67dlq3AbZBQE=
github.com/decred/dcrd/chaincfg/chainhash v1.0.1/go.mod h1:OVfvaOsNLS/A1y4Eod0Ip/Lf8qga7VXCQjUQLbkY0Go=
github.com/decred/dcrd/chaincfg/chainhash v1.0.2/go.mod h1:BpbrGgrPTr3YJYRN3Bm+D9NuaFd+zGyNeIKgrhCXK60=
github.com/decred/dcrd/crypto/blake256 v1.0.0 h1:/8DMNYp9SGi5f0w7uCm6d6M4OU2rGFK09Y2A4Xv7EE0=
github.com/decred/dcrd/crypto/blake256 v1.0.0/go.mod h1:sQl2p6Y26YV+ZOcSTP6thNdn47hh8kt6rqSlvmrXFAc=
github.com/decred/dcrd/dcrec v1.0.0 h1:W+z6Es+Rai3MXYVoPAxYr5U1DGis0Co33scJ6uH2J6o=
github.com/decred/dcrd/dcrec/secp256k1 v1.0.2 h1:awk7sYJ4pGWmtkiGHFfctztJjHMKGLV8jctGQhAbKe0=
github.com/decred/dcrd/dcrec/secp256k1 v1.0.2/go.mod h1:CHTUIVfmDDd0KFVFpNX1pFVCBUegxW387nN0IGwNKR0=
github.com/decred/dcrd/dcrec/secp256k1 v1.0.3 h1:u4XpHqlscRolxPxt2YHrFBDVZYY1AK+KMV02H1r+HmU=
github.com/decred/dcrd/dcrec/secp256k1/v2 v2.0.0 h1:3GIJYXQDAKpLEFriGFN8SbSffak10UXHGdIcFaMPykY=
github.com/decred/dcrd/dcrec/secp256k1/v2 v2.0.0/go.mod h1:3s92l0paYkZoIHuj4X93Teg/HB7eGM9x/zokGw+u4mY=
github.com/decred/dcrdex v0.0.0-20191007225918-c21cff4ecc64 h1:PdT5DDyrqIciGg2VbRQVVXXD2dENfJUGZhzOhJhLJeY=
github.com/decred/dcrdex v0.0.0-20191016143014-620c34d707f0 h1:n9c2CxALBdA6cO5Q879nqW2/1f6k747nCPWCvDXLMLQ=
github.com/decred/dcrdex/server/account v0.0.0-20190907171020-c48f5b8f4bbc/go.mod h1:JLrghdqZ/Ho48JV1Np0qsPcC1nErNekEZd0jJ1QuISI=
github.com/decred/dcrdex/server/account v0.0.0-20191007225918-c21cff4ecc64 h1:hS+joJdNiZ4hrp75+vFWJTUXSKClnoCZt/xn+3ormZE=
github.com/decred/dcrdex/server/account v0.0.0-20191007225918-c21cff4ecc64/go.mod h1:JLrghdqZ/Ho48JV1Np0qsPcC1nErNekEZd0jJ1QuISI=
github.com/decred/dcrdex/server/order v0.0.0-20191007225918-c21cff4ecc64 h1:a249/4GDr7f8VNXIAaUOM2og66+sxYi5/1zUdODAsDk=
github.com/decred/dcrdex/server/order v0.0.0-20191007225918-c21cff4ecc64/go.mod h1:+bOjO6AlusnQuIFdR+zmO+YHmXt+Ea1/BnL6rbl52pc=
github.com/decred/slog v1.0.0 h1:Dl+W8O6/JH6n2xIFN2p3DNjCmjYwvrXsjlSJTQQ4MhE=
github.com/decred/slog v1.0.0/go.mod h1:zR98rEZHSnbZ4WHZtO0iqmSZjDLKhkXfrPTZQKtAonQ=
github.com/go-chi/chi v4.0.2+incompatible h1:maB6vn6FqCxrpz4FqWdh4+lwpyZIQS7YEAUcHlgXVRs=
github.com/go-chi/chi v4.0.2+incompatible/go.mod h1:eB3wogJHnLi3x/kFX2A+IbTBlXxmMeXJVKy9tTv1XzQ=
github.com/gorilla/websocket v1.4.1 h1:q7AeDBpnBk8AogcD4DSag/Ukw/KV+YhzLj2bP5HvKCM=
github.com/gorilla/websocket v1.4.1/go.mod h1:YR8l580nyteQvAITg2hZ9XVh4b55+EU/adAjf1fMHhE=
